
Microsoft Visual Studio Solution File, Format Version 12.00
# Visual Studio Version 17
VisualStudioVersion = 17.9.34728.123
MinimumVisualStudioVersion = 10.0.40219.1
Project("{8BC9CEB8-8B4A-11D0-8D11-00A0C91BC942}") = "aes_manual_dll", "aes_manual_dll\aes_manual_dll.vcxproj", "{79F148E6-4E6C-4A92-9589-F1D1F3138D6A}"
EndProject
Global
	GlobalSection(SolutionConfigurationPlatforms) = preSolution
		Debug|x64 = Debug|x64
		Debug|x86 = Debug|x86
		Release|x64 = Release|x64
		Release|x86 = Release|x86
	EndGlobalSection
	GlobalSection(ProjectConfigurationPlatforms) = postSolution
		{79F148E6-4E6C-4A92-9589-F1D1F3138D6A}.Debug|x64.ActiveCfg = Debug|x64
		{79F148E6-4E6C-4A92-9589-F1D1F3138D6A}.Debug|x64.Build.0 = Debug|x64
		{79F148E6-4E6C-4A92-9589-F1D1F3138D6A}.Debug|x86.ActiveCfg = Debug|Win32
		{79F148E6-4E6C-4A92-9589-F1D1F3138D6A}.Debug|x86.Build.0 = Debug|Win32
		{79F148E6-4E6C-4A92-9589-F1D1F3138D6A}.Release|x64.ActiveCfg = Release|x64
		{79F148E6-4E6C-4A92-9589-F1D1F3138D6A}.Release|x64.Build.0 = Release|x64
		{79F148E6-4E6C-4A92-9589-F1D1F3138D6A}.Release|x86.ActiveCfg = Release|Win32
		{79F148E6-4E6C-4A92-9589-F1D1F3138D6A}.Release|x86.Build.0 = Release|Win32
	EndGlobalSection
	GlobalSection(SolutionProperties) = preSolution
		HideSolutionNode = FALSE
	EndGlobalSection
	GlobalSection(ExtensibilityGlobals) = postSolution
		SolutionGuid = {EFE7F64C-9096-400D-A80B-FE5F8DDC5741}
	EndGlobalSection
EndGlobal
